// !$*UTF8*$!
{
	archiveVersion = 1;
	classes = {
	};
	objectVersion = 56;
	objects = {

/* Begin PBXBuildFile section */
		8F8EF9302C61FF86007D4DA2 /* ImageLoader.swift in Sources */ = {isa = PBXBuildFile; fileRef = 8F8EF92F2C61FF86007D4DA2 /* ImageLoader.swift */; };
		8F8EF9312C61FF86007D4DA2 /* ImageLoader.swift in Sources */ = {isa = PBXBuildFile; fileRef = 8F8EF92F2C61FF86007D4DA2 /* ImageLoader.swift */; };
		8F8EF9342C6219B0007D4DA2 /* GithubUsers.json in Resources */ = {isa = PBXBuildFile; fileRef = 8F8EF9332C6219B0007D4DA2 /* GithubUsers.json */; };
		8F8EF9352C6219B0007D4DA2 /* GithubUsers.json in Resources */ = {isa = PBXBuildFile; fileRef = 8F8EF9332C6219B0007D4DA2 /* GithubUsers.json */; };
		8F8EF9372C621A11007D4DA2 /* GithubUserDetail.json in Resources */ = {isa = PBXBuildFile; fileRef = 8F8EF9362C621A11007D4DA2 /* GithubUserDetail.json */; };
		8F8EF9382C621A11007D4DA2 /* GithubUserDetail.json in Resources */ = {isa = PBXBuildFile; fileRef = 8F8EF9362C621A11007D4DA2 /* GithubUserDetail.json */; };
		8F8EF93A2C621AC4007D4DA2 /* UserPresentableTest.swift in Sources */ = {isa = PBXBuildFile; fileRef = 8F8EF9392C621AC4007D4DA2 /* UserPresentableTest.swift */; };
		8F8EF93B2C621E11007D4DA2 /* GitHubUserPresentable.swift in Sources */ = {isa = PBXBuildFile; fileRef = 8FE5CE4C2C5A46760043613E /* GitHubUserPresentable.swift */; };
		8F8EF93C2C621E35007D4DA2 /* GitHubUserCustomModel.swift in Sources */ = {isa = PBXBuildFile; fileRef = 8FE5CE482C5A3F260043613E /* GitHubUserCustomModel.swift */; };
		8F8EF93D2C621E74007D4DA2 /* GitHubUserAPIModel.swift in Sources */ = {isa = PBXBuildFile; fileRef = 8FE5CE352C59EDB40043613E /* GitHubUserAPIModel.swift */; };
		8F8EF93E2C621E9D007D4DA2 /* GitHubUserCellViewModel.swift in Sources */ = {isa = PBXBuildFile; fileRef = 8FE5CE4A2C5A42480043613E /* GitHubUserCellViewModel.swift */; };
		8F8EF93F2C621EC6007D4DA2 /* UserDetailsViewModel.swift in Sources */ = {isa = PBXBuildFile; fileRef = 8FE5CE5B2C5F88C80043613E /* UserDetailsViewModel.swift */; };
		8F8EF9402C621EC9007D4DA2 /* UserListViewModel.swift in Sources */ = {isa = PBXBuildFile; fileRef = 8FE5CE462C5A3D450043613E /* UserListViewModel.swift */; };
		8F8EF9412C621ED1007D4DA2 /* ReuseableCell.swift in Sources */ = {isa = PBXBuildFile; fileRef = 8FE5CE412C5A374F0043613E /* ReuseableCell.swift */; };
		8F8EF9422C621ED4007D4DA2 /* GitHubUserNoteInvertedTableViewCell.swift in Sources */ = {isa = PBXBuildFile; fileRef = 8FE5CE3F2C5A356F0043613E /* GitHubUserNoteInvertedTableViewCell.swift */; };
		8F8EF9432C621ED6007D4DA2 /* GitHubUserNoteTableViewCell.swift in Sources */ = {isa = PBXBuildFile; fileRef = 8FE5CE3D2C5A35620043613E /* GitHubUserNoteTableViewCell.swift */; };
		8F8EF9442C621ED9007D4DA2 /* GitHubUserInvertedTableViewCell.swift in Sources */ = {isa = PBXBuildFile; fileRef = 8FE5CE3B2C5A35540043613E /* GitHubUserInvertedTableViewCell.swift */; };
		8F8EF9452C621EDB007D4DA2 /* GitHubUserListTableViewCell.swift in Sources */ = {isa = PBXBuildFile; fileRef = 8FE5CE392C5A34610043613E /* GitHubUserListTableViewCell.swift */; };
		8F8EF9462C621EE1007D4DA2 /* NetworkServices.swift in Sources */ = {isa = PBXBuildFile; fileRef = 8FE5CE522C5A7D8F0043613E /* NetworkServices.swift */; };
		8F8EF9472C621EE3007D4DA2 /* APIEndpoint.swift in Sources */ = {isa = PBXBuildFile; fileRef = 8FE5CE502C5A7BC70043613E /* APIEndpoint.swift */; };
		8F8EF9482C621EE5007D4DA2 /* APIServices.swift in Sources */ = {isa = PBXBuildFile; fileRef = 8FE5CE4E2C5A7B540043613E /* APIServices.swift */; };
		8F8EF94A2C621EEA007D4DA2 /* GitHubUserListViewController.swift in Sources */ = {isa = PBXBuildFile; fileRef = 8FE5CDEA2C593D580043613E /* GitHubUserListViewController.swift */; };
		8F8EF94B2C621EF0007D4DA2 /* UITableView+RegisterCell.swift in Sources */ = {isa = PBXBuildFile; fileRef = 8FE5CE442C5A37BF0043613E /* UITableView+RegisterCell.swift */; };
		8F8EF94C2C621F24007D4DA2 /* CoreDataUserModel.xcdatamodeld in Sources */ = {isa = PBXBuildFile; fileRef = 8FE5CE5E2C5F9ED40043613E /* CoreDataUserModel.xcdatamodeld */; };
		8F8EF94D2C621F3F007D4DA2 /* Assets.xcassets in Resources */ = {isa = PBXBuildFile; fileRef = 8FE5CDEF2C593D5A0043613E /* Assets.xcassets */; };
		8F8EF9502C6232AF007D4DA2 /* MockApiServices.swift in Sources */ = {isa = PBXBuildFile; fileRef = 8F8EF94F2C6232AF007D4DA2 /* MockApiServices.swift */; };
		8F8EF9512C6232AF007D4DA2 /* MockApiServices.swift in Sources */ = {isa = PBXBuildFile; fileRef = 8F8EF94F2C6232AF007D4DA2 /* MockApiServices.swift */; };
		8FDB049B2C68E8F500C08A17 /* GithubUserDetailView.swift in Sources */ = {isa = PBXBuildFile; fileRef = 8FDB049A2C68E8F500C08A17 /* GithubUserDetailView.swift */; };
		8FDB049D2C69F2B300C08A17 /* NoInternetBannerView.swift in Sources */ = {isa = PBXBuildFile; fileRef = 8FDB049C2C69F2B200C08A17 /* NoInternetBannerView.swift */; };
		8FDB049E2C69F2B300C08A17 /* NoInternetBannerView.swift in Sources */ = {isa = PBXBuildFile; fileRef = 8FDB049C2C69F2B200C08A17 /* NoInternetBannerView.swift */; };
		8FDB04A42C69FC5000C08A17 /* Reachability.swift in Sources */ = {isa = PBXBuildFile; fileRef = 8FDB04A22C69FC5000C08A17 /* Reachability.swift */; };
		8FDB04A52C69FC5000C08A17 /* Reachability.swift in Sources */ = {isa = PBXBuildFile; fileRef = 8FDB04A22C69FC5000C08A17 /* Reachability.swift */; };
		8FE5CDE72C593D580043613E /* AppDelegate.swift in Sources */ = {isa = PBXBuildFile; fileRef = 8FE5CDE62C593D580043613E /* AppDelegate.swift */; };
		8FE5CDE92C593D580043613E /* SceneDelegate.swift in Sources */ = {isa = PBXBuildFile; fileRef = 8FE5CDE82C593D580043613E /* SceneDelegate.swift */; };
		8FE5CDEB2C593D580043613E /* GitHubUserListViewController.swift in Sources */ = {isa = PBXBuildFile; fileRef = 8FE5CDEA2C593D580043613E /* GitHubUserListViewController.swift */; };
		8FE5CDEE2C593D580043613E /* Main.storyboard in Resources */ = {isa = PBXBuildFile; fileRef = 8FE5CDEC2C593D580043613E /* Main.storyboard */; };
		8FE5CDF02C593D5A0043613E /* Assets.xcassets in Resources */ = {isa = PBXBuildFile; fileRef = 8FE5CDEF2C593D5A0043613E /* Assets.xcassets */; };
		8FE5CDF32C593D5A0043613E /* LaunchScreen.storyboard in Resources */ = {isa = PBXBuildFile; fileRef = 8FE5CDF12C593D5A0043613E /* LaunchScreen.storyboard */; };
		8FE5CE082C593D5A0043613E /* tawkto_testUITests.swift in Sources */ = {isa = PBXBuildFile; fileRef = 8FE5CE072C593D5A0043613E /* tawkto_testUITests.swift */; };
		8FE5CE0A2C593D5A0043613E /* tawkto_testUITestsLaunchTests.swift in Sources */ = {isa = PBXBuildFile; fileRef = 8FE5CE092C593D5A0043613E /* tawkto_testUITestsLaunchTests.swift */; };
		8FE5CE362C59EDB40043613E /* GitHubUserAPIModel.swift in Sources */ = {isa = PBXBuildFile; fileRef = 8FE5CE352C59EDB40043613E /* GitHubUserAPIModel.swift */; };
		8FE5CE3A2C5A34610043613E /* GitHubUserListTableViewCell.swift in Sources */ = {isa = PBXBuildFile; fileRef = 8FE5CE392C5A34610043613E /* GitHubUserListTableViewCell.swift */; };
		8FE5CE3C2C5A35540043613E /* GitHubUserInvertedTableViewCell.swift in Sources */ = {isa = PBXBuildFile; fileRef = 8FE5CE3B2C5A35540043613E /* GitHubUserInvertedTableViewCell.swift */; };
		8FE5CE3E2C5A35620043613E /* GitHubUserNoteTableViewCell.swift in Sources */ = {isa = PBXBuildFile; fileRef = 8FE5CE3D2C5A35620043613E /* GitHubUserNoteTableViewCell.swift */; };
		8FE5CE402C5A356F0043613E /* GitHubUserNoteInvertedTableViewCell.swift in Sources */ = {isa = PBXBuildFile; fileRef = 8FE5CE3F2C5A356F0043613E /* GitHubUserNoteInvertedTableViewCell.swift */; };
		8FE5CE422C5A374F0043613E /* ReuseableCell.swift in Sources */ = {isa = PBXBuildFile; fileRef = 8FE5CE412C5A374F0043613E /* ReuseableCell.swift */; };
		8FE5CE452C5A37BF0043613E /* UITableView+RegisterCell.swift in Sources */ = {isa = PBXBuildFile; fileRef = 8FE5CE442C5A37BF0043613E /* UITableView+RegisterCell.swift */; };
		8FE5CE472C5A3D450043613E /* UserListViewModel.swift in Sources */ = {isa = PBXBuildFile; fileRef = 8FE5CE462C5A3D450043613E /* UserListViewModel.swift */; };
		8FE5CE492C5A3F260043613E /* GitHubUserCustomModel.swift in Sources */ = {isa = PBXBuildFile; fileRef = 8FE5CE482C5A3F260043613E /* GitHubUserCustomModel.swift */; };
		8FE5CE4B2C5A42480043613E /* GitHubUserCellViewModel.swift in Sources */ = {isa = PBXBuildFile; fileRef = 8FE5CE4A2C5A42480043613E /* GitHubUserCellViewModel.swift */; };
		8FE5CE4D2C5A46760043613E /* GitHubUserPresentable.swift in Sources */ = {isa = PBXBuildFile; fileRef = 8FE5CE4C2C5A46760043613E /* GitHubUserPresentable.swift */; };
		8FE5CE4F2C5A7B540043613E /* APIServices.swift in Sources */ = {isa = PBXBuildFile; fileRef = 8FE5CE4E2C5A7B540043613E /* APIServices.swift */; };
		8FE5CE512C5A7BC70043613E /* APIEndpoint.swift in Sources */ = {isa = PBXBuildFile; fileRef = 8FE5CE502C5A7BC70043613E /* APIEndpoint.swift */; };
		8FE5CE532C5A7D8F0043613E /* NetworkServices.swift in Sources */ = {isa = PBXBuildFile; fileRef = 8FE5CE522C5A7D8F0043613E /* NetworkServices.swift */; };
		8FE5CE552C5CC5C50043613E /* UITableView+FooterLoader.swift in Sources */ = {isa = PBXBuildFile; fileRef = 8FE5CE542C5CC5C50043613E /* UITableView+FooterLoader.swift */; };
		8FE5CE5C2C5F88C80043613E /* UserDetailsViewModel.swift in Sources */ = {isa = PBXBuildFile; fileRef = 8FE5CE5B2C5F88C80043613E /* UserDetailsViewModel.swift */; };
		8FE5CE602C5F9ED40043613E /* CoreDataUserModel.xcdatamodeld in Sources */ = {isa = PBXBuildFile; fileRef = 8FE5CE5E2C5F9ED40043613E /* CoreDataUserModel.xcdatamodeld */; };
		8FE5CE6E2C5FA3300043613E /* CoreDataService.swift in Sources */ = {isa = PBXBuildFile; fileRef = 8FE5CE6D2C5FA3300043613E /* CoreDataService.swift */; };
		8FE5CE6F2C5FA3300043613E /* CoreDataService.swift in Sources */ = {isa = PBXBuildFile; fileRef = 8FE5CE6D2C5FA3300043613E /* CoreDataService.swift */; };
		8FE5CE712C5FA5A50043613E /* CoreDataClient.swift in Sources */ = {isa = PBXBuildFile; fileRef = 8FE5CE702C5FA5A50043613E /* CoreDataClient.swift */; };
		8FE5CE722C5FA5A50043613E /* CoreDataClient.swift in Sources */ = {isa = PBXBuildFile; fileRef = 8FE5CE702C5FA5A50043613E /* CoreDataClient.swift */; };
		8FE5CE7B2C5FA7BC0043613E /* CoreDataUser+CoreDataClass.swift in Sources */ = {isa = PBXBuildFile; fileRef = 8FE5CE792C5FA7BC0043613E /* CoreDataUser+CoreDataClass.swift */; };
		8FE5CE7C2C5FA7BC0043613E /* CoreDataUser+CoreDataClass.swift in Sources */ = {isa = PBXBuildFile; fileRef = 8FE5CE792C5FA7BC0043613E /* CoreDataUser+CoreDataClass.swift */; };
/* End PBXBuildFile section */

/* Begin PBXContainerItemProxy section */
		8FE5CDFA2C593D5A0043613E /* PBXContainerItemProxy */ = {
			isa = PBXContainerItemProxy;
			containerPortal = 8FE5CDDB2C593D580043613E /* Project object */;
			proxyType = 1;
			remoteGlobalIDString = 8FE5CDE22C593D580043613E;
			remoteInfo = tawkto_test;
		};
		8FE5CE042C593D5A0043613E /* PBXContainerItemProxy */ = {
			isa = PBXContainerItemProxy;
			containerPortal = 8FE5CDDB2C593D580043613E /* Project object */;
			proxyType = 1;
			remoteGlobalIDString = 8FE5CDE22C593D580043613E;
			remoteInfo = tawkto_test;
		};
/* End PBXContainerItemProxy section */

/* Begin PBXFileReference section */
		8F8EF92F2C61FF86007D4DA2 /* ImageLoader.swift */ = {isa = PBXFileReference; lastKnownFileType = sourcecode.swift; path = ImageLoader.swift; sourceTree = "<group>"; };
		8F8EF9332C6219B0007D4DA2 /* GithubUsers.json */ = {isa = PBXFileReference; lastKnownFileType = text.json; path = GithubUsers.json; sourceTree = "<group>"; };
		8F8EF9362C621A11007D4DA2 /* GithubUserDetail.json */ = {isa = PBXFileReference; lastKnownFileType = text.json; path = GithubUserDetail.json; sourceTree = "<group>"; };
		8F8EF9392C621AC4007D4DA2 /* UserPresentableTest.swift */ = {isa = PBXFileReference; lastKnownFileType = sourcecode.swift; path = UserPresentableTest.swift; sourceTree = "<group>"; };
		8F8EF94E2C622F72007D4DA2 /* tawkto_test.xctestplan */ = {isa = PBXFileReference; lastKnownFileType = text; path = tawkto_test.xctestplan; sourceTree = "<group>"; };
		8F8EF94F2C6232AF007D4DA2 /* MockApiServices.swift */ = {isa = PBXFileReference; lastKnownFileType = sourcecode.swift; path = MockApiServices.swift; sourceTree = "<group>"; };
		8FDB049A2C68E8F500C08A17 /* GithubUserDetailView.swift */ = {isa = PBXFileReference; lastKnownFileType = sourcecode.swift; path = GithubUserDetailView.swift; sourceTree = "<group>"; };
		8FDB049C2C69F2B200C08A17 /* NoInternetBannerView.swift */ = {isa = PBXFileReference; lastKnownFileType = sourcecode.swift; path = NoInternetBannerView.swift; sourceTree = "<group>"; };
		8FDB04A22C69FC5000C08A17 /* Reachability.swift */ = {isa = PBXFileReference; fileEncoding = 4; lastKnownFileType = sourcecode.swift; path = Reachability.swift; sourceTree = "<group>"; };
		8FDB04A32C69FC5000C08A17 /* Reachability.h */ = {isa = PBXFileReference; fileEncoding = 4; lastKnownFileType = sourcecode.c.h; path = Reachability.h; sourceTree = "<group>"; };
		8FE5CDE32C593D580043613E /* tawkto_test.app */ = {isa = PBXFileReference; explicitFileType = wrapper.application; includeInIndex = 0; path = tawkto_test.app; sourceTree = BUILT_PRODUCTS_DIR; };
		8FE5CDE62C593D580043613E /* AppDelegate.swift */ = {isa = PBXFileReference; lastKnownFileType = sourcecode.swift; path = AppDelegate.swift; sourceTree = "<group>"; };
		8FE5CDE82C593D580043613E /* SceneDelegate.swift */ = {isa = PBXFileReference; lastKnownFileType = sourcecode.swift; path = SceneDelegate.swift; sourceTree = "<group>"; };
		8FE5CDEA2C593D580043613E /* GitHubUserListViewController.swift */ = {isa = PBXFileReference; lastKnownFileType = sourcecode.swift; path = GitHubUserListViewController.swift; sourceTree = "<group>"; };
		8FE5CDED2C593D580043613E /* Base */ = {isa = PBXFileReference; lastKnownFileType = file.storyboard; name = Base; path = Base.lproj/Main.storyboard; sourceTree = "<group>"; };
		8FE5CDEF2C593D5A0043613E /* Assets.xcassets */ = {isa = PBXFileReference; lastKnownFileType = folder.assetcatalog; path = Assets.xcassets; sourceTree = "<group>"; };
		8FE5CDF22C593D5A0043613E /* Base */ = {isa = PBXFileReference; lastKnownFileType = file.storyboard; name = Base; path = Base.lproj/LaunchScreen.storyboard; sourceTree = "<group>"; };
		8FE5CDF42C593D5A0043613E /* Info.plist */ = {isa = PBXFileReference; lastKnownFileType = text.plist.xml; path = Info.plist; sourceTree = "<group>"; };
		8FE5CDF92C593D5A0043613E /* tawkto_testTests.xctest */ = {isa = PBXFileReference; explicitFileType = wrapper.cfbundle; includeInIndex = 0; path = tawkto_testTests.xctest; sourceTree = BUILT_PRODUCTS_DIR; };
		8FE5CE032C593D5A0043613E /* tawkto_testUITests.xctest */ = {isa = PBXFileReference; explicitFileType = wrapper.cfbundle; includeInIndex = 0; path = tawkto_testUITests.xctest; sourceTree = BUILT_PRODUCTS_DIR; };
		8FE5CE072C593D5A0043613E /* tawkto_testUITests.swift */ = {isa = PBXFileReference; lastKnownFileType = sourcecode.swift; path = tawkto_testUITests.swift; sourceTree = "<group>"; };
		8FE5CE092C593D5A0043613E /* tawkto_testUITestsLaunchTests.swift */ = {isa = PBXFileReference; lastKnownFileType = sourcecode.swift; path = tawkto_testUITestsLaunchTests.swift; sourceTree = "<group>"; };
		8FE5CE352C59EDB40043613E /* GitHubUserAPIModel.swift */ = {isa = PBXFileReference; lastKnownFileType = sourcecode.swift; path = GitHubUserAPIModel.swift; sourceTree = "<group>"; };
		8FE5CE392C5A34610043613E /* GitHubUserListTableViewCell.swift */ = {isa = PBXFileReference; lastKnownFileType = sourcecode.swift; path = GitHubUserListTableViewCell.swift; sourceTree = "<group>"; };
		8FE5CE3B2C5A35540043613E /* GitHubUserInvertedTableViewCell.swift */ = {isa = PBXFileReference; lastKnownFileType = sourcecode.swift; path = GitHubUserInvertedTableViewCell.swift; sourceTree = "<group>"; };
		8FE5CE3D2C5A35620043613E /* GitHubUserNoteTableViewCell.swift */ = {isa = PBXFileReference; lastKnownFileType = sourcecode.swift; path = GitHubUserNoteTableViewCell.swift; sourceTree = "<group>"; };
		8FE5CE3F2C5A356F0043613E /* GitHubUserNoteInvertedTableViewCell.swift */ = {isa = PBXFileReference; lastKnownFileType = sourcecode.swift; path = GitHubUserNoteInvertedTableViewCell.swift; sourceTree = "<group>"; };
		8FE5CE412C5A374F0043613E /* ReuseableCell.swift */ = {isa = PBXFileReference; lastKnownFileType = sourcecode.swift; path = ReuseableCell.swift; sourceTree = "<group>"; };
		8FE5CE442C5A37BF0043613E /* UITableView+RegisterCell.swift */ = {isa = PBXFileReference; lastKnownFileType = sourcecode.swift; path = "UITableView+RegisterCell.swift"; sourceTree = "<group>"; };
		8FE5CE462C5A3D450043613E /* UserListViewModel.swift */ = {isa = PBXFileReference; lastKnownFileType = sourcecode.swift; path = UserListViewModel.swift; sourceTree = "<group>"; };
		8FE5CE482C5A3F260043613E /* GitHubUserCustomModel.swift */ = {isa = PBXFileReference; lastKnownFileType = sourcecode.swift; path = GitHubUserCustomModel.swift; sourceTree = "<group>"; };
		8FE5CE4A2C5A42480043613E /* GitHubUserCellViewModel.swift */ = {isa = PBXFileReference; lastKnownFileType = sourcecode.swift; path = GitHubUserCellViewModel.swift; sourceTree = "<group>"; };
		8FE5CE4C2C5A46760043613E /* GitHubUserPresentable.swift */ = {isa = PBXFileReference; lastKnownFileType = sourcecode.swift; path = GitHubUserPresentable.swift; sourceTree = "<group>"; };
		8FE5CE4E2C5A7B540043613E /* APIServices.swift */ = {isa = PBXFileReference; lastKnownFileType = sourcecode.swift; path = APIServices.swift; sourceTree = "<group>"; };
		8FE5CE502C5A7BC70043613E /* APIEndpoint.swift */ = {isa = PBXFileReference; lastKnownFileType = sourcecode.swift; path = APIEndpoint.swift; sourceTree = "<group>"; };
		8FE5CE522C5A7D8F0043613E /* NetworkServices.swift */ = {isa = PBXFileReference; lastKnownFileType = sourcecode.swift; path = NetworkServices.swift; sourceTree = "<group>"; };
		8FE5CE542C5CC5C50043613E /* UITableView+FooterLoader.swift */ = {isa = PBXFileReference; lastKnownFileType = sourcecode.swift; path = "UITableView+FooterLoader.swift"; sourceTree = "<group>"; };
		8FE5CE5B2C5F88C80043613E /* UserDetailsViewModel.swift */ = {isa = PBXFileReference; lastKnownFileType = sourcecode.swift; path = UserDetailsViewModel.swift; sourceTree = "<group>"; };
		8FE5CE5F2C5F9ED40043613E /* CoreDataUserModel.xcdatamodel */ = {isa = PBXFileReference; lastKnownFileType = wrapper.xcdatamodel; path = CoreDataUserModel.xcdatamodel; sourceTree = "<group>"; };
		8FE5CE6D2C5FA3300043613E /* CoreDataService.swift */ = {isa = PBXFileReference; lastKnownFileType = sourcecode.swift; path = CoreDataService.swift; sourceTree = "<group>"; };
		8FE5CE702C5FA5A50043613E /* CoreDataClient.swift */ = {isa = PBXFileReference; lastKnownFileType = sourcecode.swift; path = CoreDataClient.swift; sourceTree = "<group>"; };
		8FE5CE792C5FA7BC0043613E /* CoreDataUser+CoreDataClass.swift */ = {isa = PBXFileReference; lastKnownFileType = sourcecode.swift; path = "CoreDataUser+CoreDataClass.swift"; sourceTree = "<group>"; };
/* End PBXFileReference section */

/* Begin PBXFrameworksBuildPhase section */
		8FE5CDE02C593D580043613E /* Frameworks */ = {
			isa = PBXFrameworksBuildPhase;
			buildActionMask = 2147483647;
			files = (
			);
			runOnlyForDeploymentPostprocessing = 0;
		};
		8FE5CDF62C593D5A0043613E /* Frameworks */ = {
			isa = PBXFrameworksBuildPhase;
			buildActionMask = 2147483647;
			files = (
			);
			runOnlyForDeploymentPostprocessing = 0;
		};
		8FE5CE002C593D5A0043613E /* Frameworks */ = {
			isa = PBXFrameworksBuildPhase;
			buildActionMask = 2147483647;
			files = (
			);
			runOnlyForDeploymentPostprocessing = 0;
		};
/* End PBXFrameworksBuildPhase section */

/* Begin PBXGroup section */
		8F8EF9322C621965007D4DA2 /* MockResponses */ = {
			isa = PBXGroup;
			children = (
				8F8EF9332C6219B0007D4DA2 /* GithubUsers.json */,
				8F8EF9362C621A11007D4DA2 /* GithubUserDetail.json */,
			);
			path = MockResponses;
			sourceTree = "<group>";
		};
		8F8EF9592C623DD7007D4DA2 /* Helper */ = {
			isa = PBXGroup;
			children = (
				8FDB04A62C6A4A6A00C08A17 /* Reachability */,
				8F8EF92F2C61FF86007D4DA2 /* ImageLoader.swift */,
				8FDB049C2C69F2B200C08A17 /* NoInternetBannerView.swift */,
			);
			path = Helper;
			sourceTree = "<group>";
		};
		8FDB04A62C6A4A6A00C08A17 /* Reachability */ = {
			isa = PBXGroup;
			children = (
				8FDB04A22C69FC5000C08A17 /* Reachability.swift */,
				8FDB04A32C69FC5000C08A17 /* Reachability.h */,
			);
			path = Reachability;
			sourceTree = "<group>";
		};
		8FE5CDDA2C593D580043613E = {
			isa = PBXGroup;
			children = (
				8F8EF94E2C622F72007D4DA2 /* tawkto_test.xctestplan */,
				8FE5CDE52C593D580043613E /* tawkto_test */,
				8FE5CDFC2C593D5A0043613E /* tawkto_testTests */,
				8FE5CE062C593D5A0043613E /* tawkto_testUITests */,
				8FE5CDE42C593D580043613E /* Products */,
			);
			sourceTree = "<group>";
		};
		8FE5CDE42C593D580043613E /* Products */ = {
			isa = PBXGroup;
			children = (
				8FE5CDE32C593D580043613E /* tawkto_test.app */,
				8FE5CDF92C593D5A0043613E /* tawkto_testTests.xctest */,
				8FE5CE032C593D5A0043613E /* tawkto_testUITests.xctest */,
			);
			name = Products;
			sourceTree = "<group>";
		};
		8FE5CDE52C593D580043613E /* tawkto_test */ = {
			isa = PBXGroup;
			children = (
				8F8EF9322C621965007D4DA2 /* MockResponses */,
				8F8EF9592C623DD7007D4DA2 /* Helper */,
				8FE5CE432C5A37AA0043613E /* Extensions */,
				8FE5CE1E2C5940760043613E /* CoreData */,
				8FE5CE1B2C5940140043613E /* Controllers */,
				8FE5CE1A2C593FF20043613E /* Services */,
				8FE5CE192C593F870043613E /* AppDelegates */,
				8FE5CE162C593F470043613E /* Views */,
				8FE5CE172C593F510043613E /* Models */,
				8FE5CE182C593F690043613E /* ViewModels */,
				8FE5CDEF2C593D5A0043613E /* Assets.xcassets */,
				8FE5CDF42C593D5A0043613E /* Info.plist */,
				8FE5CE542C5CC5C50043613E /* UITableView+FooterLoader.swift */,
			);
			path = tawkto_test;
			sourceTree = "<group>";
		};
		8FE5CDFC2C593D5A0043613E /* tawkto_testTests */ = {
			isa = PBXGroup;
			children = (
				8F8EF9392C621AC4007D4DA2 /* UserPresentableTest.swift */,
			);
			path = tawkto_testTests;
			sourceTree = "<group>";
		};
		8FE5CE062C593D5A0043613E /* tawkto_testUITests */ = {
			isa = PBXGroup;
			children = (
				8FE5CE072C593D5A0043613E /* tawkto_testUITests.swift */,
				8FE5CE092C593D5A0043613E /* tawkto_testUITestsLaunchTests.swift */,
			);
			path = tawkto_testUITests;
			sourceTree = "<group>";
		};
		8FE5CE162C593F470043613E /* Views */ = {
			isa = PBXGroup;
			children = (
				8FDB049A2C68E8F500C08A17 /* GithubUserDetailView.swift */,
				8FE5CE1F2C5941800043613E /* TableViewCells */,
				8FE5CE1C2C5940270043613E /* Storyboards */,
			);
			path = Views;
			sourceTree = "<group>";
		};
		8FE5CE172C593F510043613E /* Models */ = {
			isa = PBXGroup;
			children = (
				8FE5CE5D2C5F9D9C0043613E /* CoreDataModel */,
				8FE5CE352C59EDB40043613E /* GitHubUserAPIModel.swift */,
				8FE5CE482C5A3F260043613E /* GitHubUserCustomModel.swift */,
				8FE5CE4C2C5A46760043613E /* GitHubUserPresentable.swift */,
			);
			path = Models;
			sourceTree = "<group>";
		};
		8FE5CE182C593F690043613E /* ViewModels */ = {
			isa = PBXGroup;
			children = (
				8FE5CE462C5A3D450043613E /* UserListViewModel.swift */,
				8FE5CE5B2C5F88C80043613E /* UserDetailsViewModel.swift */,
				8FE5CE4A2C5A42480043613E /* GitHubUserCellViewModel.swift */,
			);
			path = ViewModels;
			sourceTree = "<group>";
		};
		8FE5CE192C593F870043613E /* AppDelegates */ = {
			isa = PBXGroup;
			children = (
				8FE5CDE62C593D580043613E /* AppDelegate.swift */,
				8FE5CDE82C593D580043613E /* SceneDelegate.swift */,
			);
			path = AppDelegates;
			sourceTree = "<group>";
		};
		8FE5CE1A2C593FF20043613E /* Services */ = {
			isa = PBXGroup;
			children = (
				8FE5CE4E2C5A7B540043613E /* APIServices.swift */,
				8FE5CE502C5A7BC70043613E /* APIEndpoint.swift */,
				8FE5CE522C5A7D8F0043613E /* NetworkServices.swift */,
				8F8EF94F2C6232AF007D4DA2 /* MockApiServices.swift */,
			);
			path = Services;
			sourceTree = "<group>";
		};
		8FE5CE1B2C5940140043613E /* Controllers */ = {
			isa = PBXGroup;
			children = (
				8FE5CDEA2C593D580043613E /* GitHubUserListViewController.swift */,
			);
			path = Controllers;
			sourceTree = "<group>";
		};
		8FE5CE1C2C5940270043613E /* Storyboards */ = {
			isa = PBXGroup;
			children = (
				8FE5CDEC2C593D580043613E /* Main.storyboard */,
				8FE5CDF12C593D5A0043613E /* LaunchScreen.storyboard */,
			);
			path = Storyboards;
			sourceTree = "<group>";
		};
		8FE5CE1E2C5940760043613E /* CoreData */ = {
			isa = PBXGroup;
			children = (
				8FE5CE792C5FA7BC0043613E /* CoreDataUser+CoreDataClass.swift */,
				8FE5CE6D2C5FA3300043613E /* CoreDataService.swift */,
				8FE5CE702C5FA5A50043613E /* CoreDataClient.swift */,
			);
			path = CoreData;
			sourceTree = "<group>";
		};
		8FE5CE1F2C5941800043613E /* TableViewCells */ = {
			isa = PBXGroup;
			children = (
				8FE5CE202C5941930043613E /* GitHubUserListCells */,
				8FE5CE412C5A374F0043613E /* ReuseableCell.swift */,
			);
			path = TableViewCells;
			sourceTree = "<group>";
		};
		8FE5CE202C5941930043613E /* GitHubUserListCells */ = {
			isa = PBXGroup;
			children = (
				8FE5CE392C5A34610043613E /* GitHubUserListTableViewCell.swift */,
				8FE5CE3B2C5A35540043613E /* GitHubUserInvertedTableViewCell.swift */,
				8FE5CE3D2C5A35620043613E /* GitHubUserNoteTableViewCell.swift */,
				8FE5CE3F2C5A356F0043613E /* GitHubUserNoteInvertedTableViewCell.swift */,
			);
			path = GitHubUserListCells;
			sourceTree = "<group>";
		};
		8FE5CE432C5A37AA0043613E /* Extensions */ = {
			isa = PBXGroup;
			children = (
				8FE5CE442C5A37BF0043613E /* UITableView+RegisterCell.swift */,
			);
			path = Extensions;
			sourceTree = "<group>";
		};
		8FE5CE5D2C5F9D9C0043613E /* CoreDataModel */ = {
			isa = PBXGroup;
			children = (
				8FE5CE5E2C5F9ED40043613E /* CoreDataUserModel.xcdatamodeld */,
			);
			path = CoreDataModel;
			sourceTree = "<group>";
		};
/* End PBXGroup section */

/* Begin PBXNativeTarget section */
		8FE5CDE22C593D580043613E /* tawkto_test */ = {
			isa = PBXNativeTarget;
			buildConfigurationList = 8FE5CE0D2C593D5A0043613E /* Build configuration list for PBXNativeTarget "tawkto_test" */;
			buildPhases = (
				8FE5CDDF2C593D580043613E /* Sources */,
				8FE5CDE02C593D580043613E /* Frameworks */,
				8FE5CDE12C593D580043613E /* Resources */,
			);
			buildRules = (
			);
			dependencies = (
			);
			name = tawkto_test;
			productName = tawkto_test;
			productReference = 8FE5CDE32C593D580043613E /* tawkto_test.app */;
			productType = "com.apple.product-type.application";
		};
		8FE5CDF82C593D5A0043613E /* tawkto_testTests */ = {
			isa = PBXNativeTarget;
			buildConfigurationList = 8FE5CE102C593D5A0043613E /* Build configuration list for PBXNativeTarget "tawkto_testTests" */;
			buildPhases = (
				8FE5CDF52C593D5A0043613E /* Sources */,
				8FE5CDF62C593D5A0043613E /* Frameworks */,
				8FE5CDF72C593D5A0043613E /* Resources */,
			);
			buildRules = (
			);
			dependencies = (
				8FE5CDFB2C593D5A0043613E /* PBXTargetDependency */,
			);
			name = tawkto_testTests;
			productName = tawkto_testTests;
			productReference = 8FE5CDF92C593D5A0043613E /* tawkto_testTests.xctest */;
			productType = "com.apple.product-type.bundle.unit-test";
		};
		8FE5CE022C593D5A0043613E /* tawkto_testUITests */ = {
			isa = PBXNativeTarget;
			buildConfigurationList = 8FE5CE132C593D5A0043613E /* Build configuration list for PBXNativeTarget "tawkto_testUITests" */;
			buildPhases = (
				8FE5CDFF2C593D5A0043613E /* Sources */,
				8FE5CE002C593D5A0043613E /* Frameworks */,
				8FE5CE012C593D5A0043613E /* Resources */,
			);
			buildRules = (
			);
			dependencies = (
				8FE5CE052C593D5A0043613E /* PBXTargetDependency */,
			);
			name = tawkto_testUITests;
			productName = tawkto_testUITests;
			productReference = 8FE5CE032C593D5A0043613E /* tawkto_testUITests.xctest */;
			productType = "com.apple.product-type.bundle.ui-testing";
		};
/* End PBXNativeTarget section */

/* Begin PBXProject section */
		8FE5CDDB2C593D580043613E /* Project object */ = {
			isa = PBXProject;
			attributes = {
				BuildIndependentTargetsInParallel = 1;
				LastSwiftUpdateCheck = 1520;
				LastUpgradeCheck = 1520;
				TargetAttributes = {
					8FE5CDE22C593D580043613E = {
						CreatedOnToolsVersion = 15.2;
					};
					8FE5CDF82C593D5A0043613E = {
						CreatedOnToolsVersion = 15.2;
						TestTargetID = 8FE5CDE22C593D580043613E;
					};
					8FE5CE022C593D5A0043613E = {
						CreatedOnToolsVersion = 15.2;
						TestTargetID = 8FE5CDE22C593D580043613E;
					};
				};
			};
			buildConfigurationList = 8FE5CDDE2C593D580043613E /* Build configuration list for PBXProject "tawkto_test" */;
			compatibilityVersion = "Xcode 14.0";
			developmentRegion = en;
			hasScannedForEncodings = 0;
			knownRegions = (
				en,
				Base,
			);
			mainGroup = 8FE5CDDA2C593D580043613E;
			productRefGroup = 8FE5CDE42C593D580043613E /* Products */;
			projectDirPath = "";
			projectRoot = "";
			targets = (
				8FE5CDE22C593D580043613E /* tawkto_test */,
				8FE5CDF82C593D5A0043613E /* tawkto_testTests */,
				8FE5CE022C593D5A0043613E /* tawkto_testUITests */,
			);
		};
/* End PBXProject section */

/* Begin PBXResourcesBuildPhase section */
		8FE5CDE12C593D580043613E /* Resources */ = {
			isa = PBXResourcesBuildPhase;
			buildActionMask = 2147483647;
			files = (
				8F8EF9342C6219B0007D4DA2 /* GithubUsers.json in Resources */,
				8FE5CDF32C593D5A0043613E /* LaunchScreen.storyboard in Resources */,
				8F8EF9372C621A11007D4DA2 /* GithubUserDetail.json in Resources */,
				8FE5CDF02C593D5A0043613E /* Assets.xcassets in Resources */,
				8FE5CDEE2C593D580043613E /* Main.storyboard in Resources */,
			);
			runOnlyForDeploymentPostprocessing = 0;
		};
		8FE5CDF72C593D5A0043613E /* Resources */ = {
			isa = PBXResourcesBuildPhase;
			buildActionMask = 2147483647;
			files = (
				8F8EF9352C6219B0007D4DA2 /* GithubUsers.json in Resources */,
				8F8EF94D2C621F3F007D4DA2 /* Assets.xcassets in Resources */,
				8F8EF9382C621A11007D4DA2 /* GithubUserDetail.json in Resources */,
			);
			runOnlyForDeploymentPostprocessing = 0;
		};
		8FE5CE012C593D5A0043613E /* Resources */ = {
			isa = PBXResourcesBuildPhase;
			buildActionMask = 2147483647;
			files = (
			);
			runOnlyForDeploymentPostprocessing = 0;
		};
/* End PBXResourcesBuildPhase section */

/* Begin PBXSourcesBuildPhase section */
		8FE5CDDF2C593D580043613E /* Sources */ = {
			isa = PBXSourcesBuildPhase;
			buildActionMask = 2147483647;
			files = (
				8FE5CE402C5A356F0043613E /* GitHubUserNoteInvertedTableViewCell.swift in Sources */,
				8FE5CE552C5CC5C50043613E /* UITableView+FooterLoader.swift in Sources */,
				8F8EF9502C6232AF007D4DA2 /* MockApiServices.swift in Sources */,
				8FDB049D2C69F2B300C08A17 /* NoInternetBannerView.swift in Sources */,
				8FE5CE7B2C5FA7BC0043613E /* CoreDataUser+CoreDataClass.swift in Sources */,
				8FE5CE472C5A3D450043613E /* UserListViewModel.swift in Sources */,
				8FE5CDEB2C593D580043613E /* GitHubUserListViewController.swift in Sources */,
				8FDB04A42C69FC5000C08A17 /* Reachability.swift in Sources */,
				8FE5CE362C59EDB40043613E /* GitHubUserAPIModel.swift in Sources */,
				8FE5CE492C5A3F260043613E /* GitHubUserCustomModel.swift in Sources */,
				8FE5CE5C2C5F88C80043613E /* UserDetailsViewModel.swift in Sources */,
				8FE5CE3A2C5A34610043613E /* GitHubUserListTableViewCell.swift in Sources */,
				8FE5CE6E2C5FA3300043613E /* CoreDataService.swift in Sources */,
				8FE5CE602C5F9ED40043613E /* CoreDataUserModel.xcdatamodeld in Sources */,
				8FE5CE4B2C5A42480043613E /* GitHubUserCellViewModel.swift in Sources */,
				8F8EF9302C61FF86007D4DA2 /* ImageLoader.swift in Sources */,
				8FE5CE512C5A7BC70043613E /* APIEndpoint.swift in Sources */,
				8FE5CE422C5A374F0043613E /* ReuseableCell.swift in Sources */,
				8FE5CDE72C593D580043613E /* AppDelegate.swift in Sources */,
				8FE5CE712C5FA5A50043613E /* CoreDataClient.swift in Sources */,
				8FE5CE4D2C5A46760043613E /* GitHubUserPresentable.swift in Sources */,
				8FE5CE532C5A7D8F0043613E /* NetworkServices.swift in Sources */,
				8FE5CE3C2C5A35540043613E /* GitHubUserInvertedTableViewCell.swift in Sources */,
				8FDB049B2C68E8F500C08A17 /* GithubUserDetailView.swift in Sources */,
				8FE5CDE92C593D580043613E /* SceneDelegate.swift in Sources */,
				8FE5CE452C5A37BF0043613E /* UITableView+RegisterCell.swift in Sources */,
				8FE5CE3E2C5A35620043613E /* GitHubUserNoteTableViewCell.swift in Sources */,
				8FE5CE4F2C5A7B540043613E /* APIServices.swift in Sources */,
			);
			runOnlyForDeploymentPostprocessing = 0;
		};
		8FE5CDF52C593D5A0043613E /* Sources */ = {
			isa = PBXSourcesBuildPhase;
			buildActionMask = 2147483647;
			files = (
				8FE5CE6F2C5FA3300043613E /* CoreDataService.swift in Sources */,
				8F8EF9452C621EDB007D4DA2 /* GitHubUserListTableViewCell.swift in Sources */,
				8FE5CE722C5FA5A50043613E /* CoreDataClient.swift in Sources */,
				8F8EF94A2C621EEA007D4DA2 /* GitHubUserListViewController.swift in Sources */,
				8F8EF9412C621ED1007D4DA2 /* ReuseableCell.swift in Sources */,
				8F8EF93F2C621EC6007D4DA2 /* UserDetailsViewModel.swift in Sources */,
				8F8EF9482C621EE5007D4DA2 /* APIServices.swift in Sources */,
				8F8EF93D2C621E74007D4DA2 /* GitHubUserAPIModel.swift in Sources */,
				8F8EF9512C6232AF007D4DA2 /* MockApiServices.swift in Sources */,
				8F8EF9432C621ED6007D4DA2 /* GitHubUserNoteTableViewCell.swift in Sources */,
				8FDB049E2C69F2B300C08A17 /* NoInternetBannerView.swift in Sources */,
				8F8EF94C2C621F24007D4DA2 /* CoreDataUserModel.xcdatamodeld in Sources */,
				8FDB04A52C69FC5000C08A17 /* Reachability.swift in Sources */,
				8F8EF9442C621ED9007D4DA2 /* GitHubUserInvertedTableViewCell.swift in Sources */,
				8F8EF9422C621ED4007D4DA2 /* GitHubUserNoteInvertedTableViewCell.swift in Sources */,
				8F8EF9312C61FF86007D4DA2 /* ImageLoader.swift in Sources */,
				8F8EF93A2C621AC4007D4DA2 /* UserPresentableTest.swift in Sources */,
				8FE5CE7C2C5FA7BC0043613E /* CoreDataUser+CoreDataClass.swift in Sources */,
				8F8EF93B2C621E11007D4DA2 /* GitHubUserPresentable.swift in Sources */,
				8F8EF9462C621EE1007D4DA2 /* NetworkServices.swift in Sources */,
				8F8EF94B2C621EF0007D4DA2 /* UITableView+RegisterCell.swift in Sources */,
				8F8EF9402C621EC9007D4DA2 /* UserListViewModel.swift in Sources */,
				8F8EF93E2C621E9D007D4DA2 /* GitHubUserCellViewModel.swift in Sources */,
				8F8EF93C2C621E35007D4DA2 /* GitHubUserCustomModel.swift in Sources */,
				8F8EF9472C621EE3007D4DA2 /* APIEndpoint.swift in Sources */,
			);
			runOnlyForDeploymentPostprocessing = 0;
		};
		8FE5CDFF2C593D5A0043613E /* Sources */ = {
			isa = PBXSourcesBuildPhase;
			buildActionMask = 2147483647;
			files = (
				8FE5CE0A2C593D5A0043613E /* tawkto_testUITestsLaunchTests.swift in Sources */,
				8FE5CE082C593D5A0043613E /* tawkto_testUITests.swift in Sources */,
			);
			runOnlyForDeploymentPostprocessing = 0;
		};
/* End PBXSourcesBuildPhase section */

/* Begin PBXTargetDependency section */
		8FE5CDFB2C593D5A0043613E /* PBXTargetDependency */ = {
			isa = PBXTargetDependency;
			target = 8FE5CDE22C593D580043613E /* tawkto_test */;
			targetProxy = 8FE5CDFA2C593D5A0043613E /* PBXContainerItemProxy */;
		};
		8FE5CE052C593D5A0043613E /* PBXTargetDependency */ = {
			isa = PBXTargetDependency;
			target = 8FE5CDE22C593D580043613E /* tawkto_test */;
			targetProxy = 8FE5CE042C593D5A0043613E /* PBXContainerItemProxy */;
		};
/* End PBXTargetDependency section */

/* Begin PBXVariantGroup section */
		8FE5CDEC2C593D580043613E /* Main.storyboard */ = {
			isa = PBXVariantGroup;
			children = (
				8FE5CDED2C593D580043613E /* Base */,
			);
			name = Main.storyboard;
			sourceTree = "<group>";
		};
		8FE5CDF12C593D5A0043613E /* LaunchScreen.storyboard */ = {
			isa = PBXVariantGroup;
			children = (
				8FE5CDF22C593D5A0043613E /* Base */,
			);
			name = LaunchScreen.storyboard;
			sourceTree = "<group>";
		};
/* End PBXVariantGroup section */

/* Begin XCBuildConfiguration section */
		8FE5CE0B2C593D5A0043613E /* Debug */ = {
			isa = XCBuildConfiguration;
			buildSettings = {
				ALWAYS_SEARCH_USER_PATHS = NO;
				ASSETCATALOG_COMPILER_GENERATE_SWIFT_ASSET_SYMBOL_EXTENSIONS = YES;
				CLANG_ANALYZER_NONNULL = YES;
				CLANG_ANALYZER_NUMBER_OBJECT_CONVERSION = YES_AGGRESSIVE;
				CLANG_CXX_LANGUAGE_STANDARD = "gnu++20";
				CLANG_ENABLE_MODULES = YES;
				CLANG_ENABLE_OBJC_ARC = YES;
				CLANG_ENABLE_OBJC_WEAK = YES;
				CLANG_WARN_BLOCK_CAPTURE_AUTORELEASING = YES;
				CLANG_WARN_BOOL_CONVERSION = YES;
				CLANG_WARN_COMMA = YES;
				CLANG_WARN_CONSTANT_CONVERSION = YES;
				CLANG_WARN_DEPRECATED_OBJC_IMPLEMENTATIONS = YES;
				CLANG_WARN_DIRECT_OBJC_ISA_USAGE = YES_ERROR;
				CLANG_WARN_DOCUMENTATION_COMMENTS = YES;
				CLANG_WARN_EMPTY_BODY = YES;
				CLANG_WARN_ENUM_CONVERSION = YES;
				CLANG_WARN_INFINITE_RECURSION = YES;
				CLANG_WARN_INT_CONVERSION = YES;
				CLANG_WARN_NON_LITERAL_NULL_CONVERSION = YES;
				CLANG_WARN_OBJC_IMPLICIT_RETAIN_SELF = YES;
				CLANG_WARN_OBJC_LITERAL_CONVERSION = YES;
				CLANG_WARN_OBJC_ROOT_CLASS = YES_ERROR;
				CLANG_WARN_QUOTED_INCLUDE_IN_FRAMEWORK_HEADER = YES;
				CLANG_WARN_RANGE_LOOP_ANALYSIS = YES;
				CLANG_WARN_STRICT_PROTOTYPES = YES;
				CLANG_WARN_SUSPICIOUS_MOVE = YES;
				CLANG_WARN_UNGUARDED_AVAILABILITY = YES_AGGRESSIVE;
				CLANG_WARN_UNREACHABLE_CODE = YES;
				CLANG_WARN__DUPLICATE_METHOD_MATCH = YES;
				COPY_PHASE_STRIP = NO;
				DEBUG_INFORMATION_FORMAT = dwarf;
				ENABLE_STRICT_OBJC_MSGSEND = YES;
				ENABLE_TESTABILITY = YES;
				ENABLE_USER_SCRIPT_SANDBOXING = YES;
				GCC_C_LANGUAGE_STANDARD = gnu17;
				GCC_DYNAMIC_NO_PIC = NO;
				GCC_NO_COMMON_BLOCKS = YES;
				GCC_OPTIMIZATION_LEVEL = 0;
				GCC_PREPROCESSOR_DEFINITIONS = (
					"DEBUG=1",
					"$(inherited)",
				);
				GCC_WARN_64_TO_32_BIT_CONVERSION = YES;
				GCC_WARN_ABOUT_RETURN_TYPE = YES_ERROR;
				GCC_WARN_UNDECLARED_SELECTOR = YES;
				GCC_WARN_UNINITIALIZED_AUTOS = YES_AGGRESSIVE;
				GCC_WARN_UNUSED_FUNCTION = YES;
				GCC_WARN_UNUSED_VARIABLE = YES;
				IPHONEOS_DEPLOYMENT_TARGET = 17.2;
				LOCALIZATION_PREFERS_STRING_CATALOGS = YES;
				MTL_ENABLE_DEBUG_INFO = INCLUDE_SOURCE;
				MTL_FAST_MATH = YES;
				ONLY_ACTIVE_ARCH = YES;
				SDKROOT = iphoneos;
				SWIFT_ACTIVE_COMPILATION_CONDITIONS = "DEBUG $(inherited)";
				SWIFT_OPTIMIZATION_LEVEL = "-Onone";
			};
			name = Debug;
		};
		8FE5CE0C2C593D5A0043613E /* Release */ = {
			isa = XCBuildConfiguration;
			buildSettings = {
				ALWAYS_SEARCH_USER_PATHS = NO;
				ASSETCATALOG_COMPILER_GENERATE_SWIFT_ASSET_SYMBOL_EXTENSIONS = YES;
				CLANG_ANALYZER_NONNULL = YES;
				CLANG_ANALYZER_NUMBER_OBJECT_CONVERSION = YES_AGGRESSIVE;
				CLANG_CXX_LANGUAGE_STANDARD = "gnu++20";
				CLANG_ENABLE_MODULES = YES;
				CLANG_ENABLE_OBJC_ARC = YES;
				CLANG_ENABLE_OBJC_WEAK = YES;
				CLANG_WARN_BLOCK_CAPTURE_AUTORELEASING = YES;
				CLANG_WARN_BOOL_CONVERSION = YES;
				CLANG_WARN_COMMA = YES;
				CLANG_WARN_CONSTANT_CONVERSION = YES;
				CLANG_WARN_DEPRECATED_OBJC_IMPLEMENTATIONS = YES;
				CLANG_WARN_DIRECT_OBJC_ISA_USAGE = YES_ERROR;
				CLANG_WARN_DOCUMENTATION_COMMENTS = YES;
				CLANG_WARN_EMPTY_BODY = YES;
				CLANG_WARN_ENUM_CONVERSION = YES;
				CLANG_WARN_INFINITE_RECURSION = YES;
				CLANG_WARN_INT_CONVERSION = YES;
				CLANG_WARN_NON_LITERAL_NULL_CONVERSION = YES;
				CLANG_WARN_OBJC_IMPLICIT_RETAIN_SELF = YES;
				CLANG_WARN_OBJC_LITERAL_CONVERSION = YES;
				CLANG_WARN_OBJC_ROOT_CLASS = YES_ERROR;
				CLANG_WARN_QUOTED_INCLUDE_IN_FRAMEWORK_HEADER = YES;
				CLANG_WARN_RANGE_LOOP_ANALYSIS = YES;
				CLANG_WARN_STRICT_PROTOTYPES = YES;
				CLANG_WARN_SUSPICIOUS_MOVE = YES;
				CLANG_WARN_UNGUARDED_AVAILABILITY = YES_AGGRESSIVE;
				CLANG_WARN_UNREACHABLE_CODE = YES;
				CLANG_WARN__DUPLICATE_METHOD_MATCH = YES;
				COPY_PHASE_STRIP = NO;
				DEBUG_INFORMATION_FORMAT = "dwarf-with-dsym";
				ENABLE_NS_ASSERTIONS = NO;
				ENABLE_STRICT_OBJC_MSGSEND = YES;
				ENABLE_USER_SCRIPT_SANDBOXING = YES;
				GCC_C_LANGUAGE_STANDARD = gnu17;
				GCC_NO_COMMON_BLOCKS = YES;
				GCC_WARN_64_TO_32_BIT_CONVERSION = YES;
				GCC_WARN_ABOUT_RETURN_TYPE = YES_ERROR;
				GCC_WARN_UNDECLARED_SELECTOR = YES;
				GCC_WARN_UNINITIALIZED_AUTOS = YES_AGGRESSIVE;
				GCC_WARN_UNUSED_FUNCTION = YES;
				GCC_WARN_UNUSED_VARIABLE = YES;
				IPHONEOS_DEPLOYMENT_TARGET = 17.2;
				LOCALIZATION_PREFERS_STRING_CATALOGS = YES;
				MTL_ENABLE_DEBUG_INFO = NO;
				MTL_FAST_MATH = YES;
				SDKROOT = iphoneos;
				SWIFT_COMPILATION_MODE = wholemodule;
				VALIDATE_PRODUCT = YES;
			};
			name = Release;
		};
		8FE5CE0E2C593D5A0043613E /* Debug */ = {
			isa = XCBuildConfiguration;
			buildSettings = {
				ASSETCATALOG_COMPILER_APPICON_NAME = AppIcon;
				ASSETCATALOG_COMPILER_GLOBAL_ACCENT_COLOR_NAME = AccentColor;
				CODE_SIGN_STYLE = Automatic;
				CURRENT_PROJECT_VERSION = 1;
				GENERATE_INFOPLIST_FILE = YES;
				INFOPLIST_FILE = tawkto_test/Info.plist;
				INFOPLIST_KEY_UIApplicationSupportsIndirectInputEvents = YES;
				INFOPLIST_KEY_UILaunchStoryboardName = LaunchScreen;
				INFOPLIST_KEY_UIMainStoryboardFile = Main;
				INFOPLIST_KEY_UISupportedInterfaceOrientations_iPad = "UIInterfaceOrientationPortrait UIInterfaceOrientationPortraitUpsideDown UIInterfaceOrientationLandscapeLeft UIInterfaceOrientationLandscapeRight";
				INFOPLIST_KEY_UISupportedInterfaceOrientations_iPhone = "UIInterfaceOrientationPortrait UIInterfaceOrientationLandscapeLeft UIInterfaceOrientationLandscapeRight";
				IPHONEOS_DEPLOYMENT_TARGET = 14.0;
				LD_RUNPATH_SEARCH_PATHS = (
					"$(inherited)",
					"@executable_path/Frameworks",
				);
				MARKETING_VERSION = 1.0;
				PRODUCT_BUNDLE_IDENTIFIER = "com.nouraiztaimour.tawkto-test";
				PRODUCT_NAME = "$(TARGET_NAME)";
				SWIFT_EMIT_LOC_STRINGS = YES;
				SWIFT_VERSION = 5.0;
				TARGETED_DEVICE_FAMILY = "1,2";
			};
			name = Debug;
		};
		8FE5CE0F2C593D5A0043613E /* Release */ = {
			isa = XCBuildConfiguration;
			buildSettings = {
				ASSETCATALOG_COMPILER_APPICON_NAME = AppIcon;
				ASSETCATALOG_COMPILER_GLOBAL_ACCENT_COLOR_NAME = AccentColor;
				CODE_SIGN_STYLE = Automatic;
				CURRENT_PROJECT_VERSION = 1;
				GENERATE_INFOPLIST_FILE = YES;
				INFOPLIST_FILE = tawkto_test/Info.plist;
				INFOPLIST_KEY_UIApplicationSupportsIndirectInputEvents = YES;
				INFOPLIST_KEY_UILaunchStoryboardName = LaunchScreen;
				INFOPLIST_KEY_UIMainStoryboardFile = Main;
				INFOPLIST_KEY_UISupportedInterfaceOrientations_iPad = "UIInterfaceOrientationPortrait UIInterfaceOrientationPortraitUpsideDown UIInterfaceOrientationLandscapeLeft UIInterfaceOrientationLandscapeRight";
				INFOPLIST_KEY_UISupportedInterfaceOrientations_iPhone = "UIInterfaceOrientationPortrait UIInterfaceOrientationLandscapeLeft UIInterfaceOrientationLandscapeRight";
				IPHONEOS_DEPLOYMENT_TARGET = 14.0;
				LD_RUNPATH_SEARCH_PATHS = (
					"$(inherited)",
					"@executable_path/Frameworks",
				);
				MARKETING_VERSION = 1.0;
				PRODUCT_BUNDLE_IDENTIFIER = "com.nouraiztaimour.tawkto-test";
				PRODUCT_NAME = "$(TARGET_NAME)";
				SWIFT_EMIT_LOC_STRINGS = YES;
				SWIFT_VERSION = 5.0;
				TARGETED_DEVICE_FAMILY = "1,2";
			};
			name = Release;
		};
		8FE5CE112C593D5A0043613E /* Debug */ = {
			isa = XCBuildConfiguration;
			buildSettings = {
				ALWAYS_EMBED_SWIFT_STANDARD_LIBRARIES = YES;
				BUNDLE_LOADER = "$(TEST_HOST)";
				CODE_SIGN_STYLE = Automatic;
				CURRENT_PROJECT_VERSION = 1;
				GENERATE_INFOPLIST_FILE = YES;
				IPHONEOS_DEPLOYMENT_TARGET = 14.0;
				MARKETING_VERSION = 1.0;
				PRODUCT_BUNDLE_IDENTIFIER = "com.nouraiztaimour.tawkto-testTests";
				PRODUCT_NAME = "$(TARGET_NAME)";
				SWIFT_EMIT_LOC_STRINGS = NO;
				SWIFT_VERSION = 5.0;
				TARGETED_DEVICE_FAMILY = "1,2";
				TEST_HOST = "$(BUILT_PRODUCTS_DIR)/tawkto_test.app/$(BUNDLE_EXECUTABLE_FOLDER_PATH)/tawkto_test";
			};
			name = Debug;
		};
		8FE5CE122C593D5A0043613E /* Release */ = {
			isa = XCBuildConfiguration;
			buildSettings = {
				ALWAYS_EMBED_SWIFT_STANDARD_LIBRARIES = YES;
				BUNDLE_LOADER = "$(TEST_HOST)";
				CODE_SIGN_STYLE = Automatic;
				CURRENT_PROJECT_VERSION = 1;
				GENERATE_INFOPLIST_FILE = YES;
				IPHONEOS_DEPLOYMENT_TARGET = 14.0;
				MARKETING_VERSION = 1.0;
				PRODUCT_BUNDLE_IDENTIFIER = "com.nouraiztaimour.tawkto-testTests";
				PRODUCT_NAME = "$(TARGET_NAME)";
				SWIFT_EMIT_LOC_STRINGS = NO;
				SWIFT_VERSION = 5.0;
				TARGETED_DEVICE_FAMILY = "1,2";
				TEST_HOST = "$(BUILT_PRODUCTS_DIR)/tawkto_test.app/$(BUNDLE_EXECUTABLE_FOLDER_PATH)/tawkto_test";
			};
			name = Release;
		};
		8FE5CE142C593D5A0043613E /* Debug */ = {
			isa = XCBuildConfiguration;
			buildSettings = {
				ALWAYS_EMBED_SWIFT_STANDARD_LIBRARIES = YES;
				CODE_SIGN_STYLE = Automatic;
				CURRENT_PROJECT_VERSION = 1;
				GENERATE_INFOPLIST_FILE = YES;
				MARKETING_VERSION = 1.0;
				PRODUCT_BUNDLE_IDENTIFIER = "com.nouraiztaimour.tawkto-testUITests";
				PRODUCT_NAME = "$(TARGET_NAME)";
				SWIFT_EMIT_LOC_STRINGS = NO;
				SWIFT_VERSION = 5.0;
				TARGETED_DEVICE_FAMILY = "1,2";
				TEST_TARGET_NAME = tawkto_test;
			};
			name = Debug;
		};
		8FE5CE152C593D5A0043613E /* Release */ = {
			isa = XCBuildConfiguration;
			buildSettings = {
				ALWAYS_EMBED_SWIFT_STANDARD_LIBRARIES = YES;
				CODE_SIGN_STYLE = Automatic;
				CURRENT_PROJECT_VERSION = 1;
				GENERATE_INFOPLIST_FILE = YES;
				MARKETING_VERSION = 1.0;
				PRODUCT_BUNDLE_IDENTIFIER = "com.nouraiztaimour.tawkto-testUITests";
				PRODUCT_NAME = "$(TARGET_NAME)";
				SWIFT_EMIT_LOC_STRINGS = NO;
				SWIFT_VERSION = 5.0;
				TARGETED_DEVICE_FAMILY = "1,2";
				TEST_TARGET_NAME = tawkto_test;
			};
			name = Release;
		};
/* End XCBuildConfiguration section */

/* Begin XCConfigurationList section */
		8FE5CDDE2C593D580043613E /* Build configuration list for PBXProject "tawkto_test" */ = {
			isa = XCConfigurationList;
			buildConfigurations = (
				8FE5CE0B2C593D5A0043613E /* Debug */,
				8FE5CE0C2C593D5A0043613E /* Release */,
			);
			defaultConfigurationIsVisible = 0;
			defaultConfigurationName = Release;
		};
		8FE5CE0D2C593D5A0043613E /* Build configuration list for PBXNativeTarget "tawkto_test" */ = {
			isa = XCConfigurationList;
			buildConfigurations = (
				8FE5CE0E2C593D5A0043613E /* Debug */,
				8FE5CE0F2C593D5A0043613E /* Release */,
			);
			defaultConfigurationIsVisible = 0;
			defaultConfigurationName = Release;
		};
		8FE5CE102C593D5A0043613E /* Build configuration list for PBXNativeTarget "tawkto_testTests" */ = {
			isa = XCConfigurationList;
			buildConfigurations = (
				8FE5CE112C593D5A0043613E /* Debug */,
				8FE5CE122C593D5A0043613E /* Release */,
			);
			defaultConfigurationIsVisible = 0;
			defaultConfigurationName = Release;
		};
		8FE5CE132C593D5A0043613E /* Build configuration list for PBXNativeTarget "tawkto_testUITests" */ = {
			isa = XCConfigurationList;
			buildConfigurations = (
				8FE5CE142C593D5A0043613E /* Debug */,
				8FE5CE152C593D5A0043613E /* Release */,
			);
			defaultConfigurationIsVisible = 0;
			defaultConfigurationName = Release;
		};
/* End XCConfigurationList section */

/* Begin XCVersionGroup section */
		8FE5CE5E2C5F9ED40043613E /* CoreDataUserModel.xcdatamodeld */ = {
			isa = XCVersionGroup;
			children = (
				8FE5CE5F2C5F9ED40043613E /* CoreDataUserModel.xcdatamodel */,
			);
			currentVersion = 8FE5CE5F2C5F9ED40043613E /* CoreDataUserModel.xcdatamodel */;
			path = CoreDataUserModel.xcdatamodeld;
			sourceTree = "<group>";
			versionGroupType = wrapper.xcdatamodel;
		};
/* End XCVersionGroup section */
	};
	rootObject = 8FE5CDDB2C593D580043613E /* Project object */;
}
